// !$*UTF8*$!
{
	archiveVersion = 1;
	classes = {
	};
	objectVersion = 50;
	objects = {

/* Begin PBXBuildFile section */
		907FBC087298EAF014BE7128 /* Pods_pi_manager_viewer.framework in Frameworks */ = {isa = PBXBuildFile; fileRef = F2F74C72C5632D0C0C0707F1 /* Pods_pi_manager_viewer.framework */; };
		E52E54372392E7FC003B3230 /* FilesViewController.swift in Sources */ = {isa = PBXBuildFile; fileRef = E52E54362392E7FC003B3230 /* FilesViewController.swift */; };
		E52E543A2392F22A003B3230 /* FilesViewCellTableViewCell.swift in Sources */ = {isa = PBXBuildFile; fileRef = E52E54382392F22A003B3230 /* FilesViewCellTableViewCell.swift */; };
		E52E543B2392F22B003B3230 /* FilesViewCellTableViewCell.xib in Resources */ = {isa = PBXBuildFile; fileRef = E52E54392392F22A003B3230 /* FilesViewCellTableViewCell.xib */; };
		E59CAA032391BAA50026AB54 /* UiConstants.swift in Sources */ = {isa = PBXBuildFile; fileRef = E59CAA022391BAA50026AB54 /* UiConstants.swift */; };
		E59CAA082391C5060026AB54 /* UIViewExtension.swift in Sources */ = {isa = PBXBuildFile; fileRef = E59CAA072391C5060026AB54 /* UIViewExtension.swift */; };
		E59CAA0A2391C7400026AB54 /* CpuUsageService.swift in Sources */ = {isa = PBXBuildFile; fileRef = E59CAA092391C7400026AB54 /* CpuUsageService.swift */; };
		E59CAA0D2391C7600026AB54 /* CpuUsage.swift in Sources */ = {isa = PBXBuildFile; fileRef = E59CAA0C2391C7600026AB54 /* CpuUsage.swift */; };
		E59CAA0F2391D05E0026AB54 /* MemoryUsageService.swift in Sources */ = {isa = PBXBuildFile; fileRef = E59CAA0E2391D05E0026AB54 /* MemoryUsageService.swift */; };
		E59CAA122391D07C0026AB54 /* MemoryUsage.swift in Sources */ = {isa = PBXBuildFile; fileRef = E59CAA112391D07C0026AB54 /* MemoryUsage.swift */; };
		E59CAA182391E7F40026AB54 /* PercentageCircle.swift in Sources */ = {isa = PBXBuildFile; fileRef = E59CAA172391E7F40026AB54 /* PercentageCircle.swift */; };
		E59CAA1A2391E8F70026AB54 /* PercentageCircle.xib in Resources */ = {isa = PBXBuildFile; fileRef = E59CAA192391E8F70026AB54 /* PercentageCircle.xib */; };
		E5C779692381599800BFAF0F /* AppDelegate.swift in Sources */ = {isa = PBXBuildFile; fileRef = E5C779682381599800BFAF0F /* AppDelegate.swift */; };
		E5C7796B2381599800BFAF0F /* MainController.swift in Sources */ = {isa = PBXBuildFile; fileRef = E5C7796A2381599800BFAF0F /* MainController.swift */; };
		E5C7796E2381599800BFAF0F /* Main.storyboard in Resources */ = {isa = PBXBuildFile; fileRef = E5C7796C2381599800BFAF0F /* Main.storyboard */; };
		E5C779732381599A00BFAF0F /* LaunchScreen.storyboard in Resources */ = {isa = PBXBuildFile; fileRef = E5C779712381599A00BFAF0F /* LaunchScreen.storyboard */; };
		E5C779812381C80900BFAF0F /* TemperatureService.swift in Sources */ = {isa = PBXBuildFile; fileRef = E5C779802381C80900BFAF0F /* TemperatureService.swift */; };
		E5C779892381CAF000BFAF0F /* Temperature.swift in Sources */ = {isa = PBXBuildFile; fileRef = E5C779882381CAF000BFAF0F /* Temperature.swift */; };
		E5C7798E2381FE6100BFAF0F /* ServerConstants.swift in Sources */ = {isa = PBXBuildFile; fileRef = E5C7798D2381FE6100BFAF0F /* ServerConstants.swift */; };
		E5C77991238200C000BFAF0F /* GetPromise.swift in Sources */ = {isa = PBXBuildFile; fileRef = E5C77990238200C000BFAF0F /* GetPromise.swift */; };
		E5E93E3E23932E0A000C66FB /* Assets.xcassets in Resources */ = {isa = PBXBuildFile; fileRef = E5E93E3D23932E0A000C66FB /* Assets.xcassets */; };
		E5E93E4423933BE4000C66FB /* FileDescribe.swift in Sources */ = {isa = PBXBuildFile; fileRef = E5E93E4323933BE4000C66FB /* FileDescribe.swift */; };
		E5E93E4623933CF1000C66FB /* FileModel.swift in Sources */ = {isa = PBXBuildFile; fileRef = E5E93E4523933CF1000C66FB /* FileModel.swift */; };
		E5E93E4823933CFB000C66FB /* FileType.swift in Sources */ = {isa = PBXBuildFile; fileRef = E5E93E4723933CFB000C66FB /* FileType.swift */; };
		E5E93E4A23933F4B000C66FB /* FileManagerService.swift in Sources */ = {isa = PBXBuildFile; fileRef = E5E93E4923933F4B000C66FB /* FileManagerService.swift */; };
/* End PBXBuildFile section */

/* Begin PBXFileReference section */
		2301764C5EEABB859E4774FF /* Pods-pi-manager-viewer.debug.xcconfig */ = {isa = PBXFileReference; includeInIndex = 1; lastKnownFileType = text.xcconfig; name = "Pods-pi-manager-viewer.debug.xcconfig"; path = "Pods/Target Support Files/Pods-pi-manager-viewer/Pods-pi-manager-viewer.debug.xcconfig"; sourceTree = "<group>"; };
		D2FAC50E4F4E9B545333FA0F /* Pods-pi-manager-viewer.release.xcconfig */ = {isa = PBXFileReference; includeInIndex = 1; lastKnownFileType = text.xcconfig; name = "Pods-pi-manager-viewer.release.xcconfig"; path = "Pods/Target Support Files/Pods-pi-manager-viewer/Pods-pi-manager-viewer.release.xcconfig"; sourceTree = "<group>"; };
		E52E54362392E7FC003B3230 /* FilesViewController.swift */ = {isa = PBXFileReference; lastKnownFileType = sourcecode.swift; path = FilesViewController.swift; sourceTree = "<group>"; };
		E52E54382392F22A003B3230 /* FilesViewCellTableViewCell.swift */ = {isa = PBXFileReference; lastKnownFileType = sourcecode.swift; path = FilesViewCellTableViewCell.swift; sourceTree = "<group>"; };
		E52E54392392F22A003B3230 /* FilesViewCellTableViewCell.xib */ = {isa = PBXFileReference; lastKnownFileType = file.xib; path = FilesViewCellTableViewCell.xib; sourceTree = "<group>"; };
		E59CAA022391BAA50026AB54 /* UiConstants.swift */ = {isa = PBXFileReference; lastKnownFileType = sourcecode.swift; path = UiConstants.swift; sourceTree = "<group>"; };
		E59CAA072391C5060026AB54 /* UIViewExtension.swift */ = {isa = PBXFileReference; lastKnownFileType = sourcecode.swift; path = UIViewExtension.swift; sourceTree = "<group>"; };
		E59CAA092391C7400026AB54 /* CpuUsageService.swift */ = {isa = PBXFileReference; lastKnownFileType = sourcecode.swift; path = CpuUsageService.swift; sourceTree = "<group>"; };
		E59CAA0C2391C7600026AB54 /* CpuUsage.swift */ = {isa = PBXFileReference; lastKnownFileType = sourcecode.swift; path = CpuUsage.swift; sourceTree = "<group>"; };
		E59CAA0E2391D05E0026AB54 /* MemoryUsageService.swift */ = {isa = PBXFileReference; lastKnownFileType = sourcecode.swift; path = MemoryUsageService.swift; sourceTree = "<group>"; };
		E59CAA112391D07C0026AB54 /* MemoryUsage.swift */ = {isa = PBXFileReference; lastKnownFileType = sourcecode.swift; path = MemoryUsage.swift; sourceTree = "<group>"; };
		E59CAA172391E7F40026AB54 /* PercentageCircle.swift */ = {isa = PBXFileReference; lastKnownFileType = sourcecode.swift; path = PercentageCircle.swift; sourceTree = "<group>"; };
		E59CAA192391E8F70026AB54 /* PercentageCircle.xib */ = {isa = PBXFileReference; lastKnownFileType = file.xib; path = PercentageCircle.xib; sourceTree = "<group>"; };
		E5C779652381599800BFAF0F /* pi-manager-viewer.app */ = {isa = PBXFileReference; explicitFileType = wrapper.application; includeInIndex = 0; path = "pi-manager-viewer.app"; sourceTree = BUILT_PRODUCTS_DIR; };
		E5C779682381599800BFAF0F /* AppDelegate.swift */ = {isa = PBXFileReference; lastKnownFileType = sourcecode.swift; path = AppDelegate.swift; sourceTree = "<group>"; };
		E5C7796A2381599800BFAF0F /* MainController.swift */ = {isa = PBXFileReference; lastKnownFileType = sourcecode.swift; path = MainController.swift; sourceTree = "<group>"; };
		E5C7796D2381599800BFAF0F /* Base */ = {isa = PBXFileReference; lastKnownFileType = file.storyboard; name = Base; path = Base.lproj/Main.storyboard; sourceTree = "<group>"; };
		E5C779722381599A00BFAF0F /* Base */ = {isa = PBXFileReference; lastKnownFileType = file.storyboard; name = Base; path = Base.lproj/LaunchScreen.storyboard; sourceTree = "<group>"; };
		E5C779742381599A00BFAF0F /* Info.plist */ = {isa = PBXFileReference; lastKnownFileType = text.plist.xml; path = Info.plist; sourceTree = "<group>"; };
		E5C7797A2381C78300BFAF0F /* Alamofire.framework */ = {isa = PBXFileReference; explicitFileType = wrapper.framework; path = Alamofire.framework; sourceTree = BUILT_PRODUCTS_DIR; };
		E5C7797C2381C78300BFAF0F /* PromiseKit.framework */ = {isa = PBXFileReference; explicitFileType = wrapper.framework; path = PromiseKit.framework; sourceTree = BUILT_PRODUCTS_DIR; };
		E5C7797E2381C78300BFAF0F /* SwiftyJSON.framework */ = {isa = PBXFileReference; explicitFileType = wrapper.framework; path = SwiftyJSON.framework; sourceTree = BUILT_PRODUCTS_DIR; };
		E5C779802381C80900BFAF0F /* TemperatureService.swift */ = {isa = PBXFileReference; lastKnownFileType = sourcecode.swift; path = TemperatureService.swift; sourceTree = "<group>"; };
		E5C779822381C92200BFAF0F /* Alamofire.framework */ = {isa = PBXFileReference; explicitFileType = wrapper.framework; path = Alamofire.framework; sourceTree = BUILT_PRODUCTS_DIR; };
		E5C779842381C92200BFAF0F /* PromiseKit.framework */ = {isa = PBXFileReference; explicitFileType = wrapper.framework; path = PromiseKit.framework; sourceTree = BUILT_PRODUCTS_DIR; };
		E5C779862381C92200BFAF0F /* SwiftyJSON.framework */ = {isa = PBXFileReference; explicitFileType = wrapper.framework; path = SwiftyJSON.framework; sourceTree = BUILT_PRODUCTS_DIR; };
		E5C779882381CAF000BFAF0F /* Temperature.swift */ = {isa = PBXFileReference; lastKnownFileType = sourcecode.swift; path = Temperature.swift; sourceTree = "<group>"; };
		E5C7798D2381FE6100BFAF0F /* ServerConstants.swift */ = {isa = PBXFileReference; lastKnownFileType = sourcecode.swift; path = ServerConstants.swift; sourceTree = "<group>"; };
		E5C77990238200C000BFAF0F /* GetPromise.swift */ = {isa = PBXFileReference; lastKnownFileType = sourcecode.swift; path = GetPromise.swift; sourceTree = "<group>"; };
		E5E93E3D23932E0A000C66FB /* Assets.xcassets */ = {isa = PBXFileReference; lastKnownFileType = folder.assetcatalog; path = Assets.xcassets; sourceTree = "<group>"; };
		E5E93E4323933BE4000C66FB /* FileDescribe.swift */ = {isa = PBXFileReference; lastKnownFileType = sourcecode.swift; path = FileDescribe.swift; sourceTree = "<group>"; };
		E5E93E4523933CF1000C66FB /* FileModel.swift */ = {isa = PBXFileReference; lastKnownFileType = sourcecode.swift; path = FileModel.swift; sourceTree = "<group>"; };
		E5E93E4723933CFB000C66FB /* FileType.swift */ = {isa = PBXFileReference; lastKnownFileType = sourcecode.swift; path = FileType.swift; sourceTree = "<group>"; };
		E5E93E4923933F4B000C66FB /* FileManagerService.swift */ = {isa = PBXFileReference; fileEncoding = 4; lastKnownFileType = sourcecode.swift; path = FileManagerService.swift; sourceTree = "<group>"; };
		F2F74C72C5632D0C0C0707F1 /* Pods_pi_manager_viewer.framework */ = {isa = PBXFileReference; explicitFileType = wrapper.framework; includeInIndex = 0; path = Pods_pi_manager_viewer.framework; sourceTree = BUILT_PRODUCTS_DIR; };
/* End PBXFileReference section */

/* Begin PBXFrameworksBuildPhase section */
		E5C779622381599800BFAF0F /* Frameworks */ = {
			isa = PBXFrameworksBuildPhase;
			buildActionMask = 2147483647;
			files = (
				907FBC087298EAF014BE7128 /* Pods_pi_manager_viewer.framework in Frameworks */,
			);
			runOnlyForDeploymentPostprocessing = 0;
		};
/* End PBXFrameworksBuildPhase section */

/* Begin PBXGroup section */
		28F5723F1062E2F091264600 /* Pods */ = {
			isa = PBXGroup;
			children = (
				2301764C5EEABB859E4774FF /* Pods-pi-manager-viewer.debug.xcconfig */,
				D2FAC50E4F4E9B545333FA0F /* Pods-pi-manager-viewer.release.xcconfig */,
			);
			name = Pods;
			sourceTree = "<group>";
		};
		DC3E90501918B36D748C6C2C /* Frameworks */ = {
			isa = PBXGroup;
			children = (
				E5C779822381C92200BFAF0F /* Alamofire.framework */,
				E5C779842381C92200BFAF0F /* PromiseKit.framework */,
				E5C779862381C92200BFAF0F /* SwiftyJSON.framework */,
				E5C7797A2381C78300BFAF0F /* Alamofire.framework */,
				E5C7797C2381C78300BFAF0F /* PromiseKit.framework */,
				E5C7797E2381C78300BFAF0F /* SwiftyJSON.framework */,
				F2F74C72C5632D0C0C0707F1 /* Pods_pi_manager_viewer.framework */,
			);
			name = Frameworks;
			sourceTree = "<group>";
		};
		E52E543C23931AA7003B3230 /* ui */ = {
			isa = PBXGroup;
			children = (
				E52E54362392E7FC003B3230 /* FilesViewController.swift */,
				E52E54382392F22A003B3230 /* FilesViewCellTableViewCell.swift */,
				E52E54392392F22A003B3230 /* FilesViewCellTableViewCell.xib */,
			);
			path = ui;
			sourceTree = "<group>";
		};
		E59CAA012391BA8C0026AB54 /* ui */ = {
			isa = PBXGroup;
			children = (
				E59CAA022391BAA50026AB54 /* UiConstants.swift */,
				E59CAA072391C5060026AB54 /* UIViewExtension.swift */,
				E5C7796A2381599800BFAF0F /* MainController.swift */,
				E59CAA1B2391F4CB0026AB54 /* chart */,
			);
			name = ui;
			path = ..;
			sourceTree = "<group>";
		};
		E59CAA0B2391C7460026AB54 /* cpu */ = {
			isa = PBXGroup;
			children = (
				E59CAA092391C7400026AB54 /* CpuUsageService.swift */,
				E59CAA0C2391C7600026AB54 /* CpuUsage.swift */,
			);
			path = cpu;
			sourceTree = "<group>";
		};
		E59CAA102391D0620026AB54 /* memory */ = {
			isa = PBXGroup;
			children = (
				E59CAA0E2391D05E0026AB54 /* MemoryUsageService.swift */,
				E59CAA112391D07C0026AB54 /* MemoryUsage.swift */,
			);
			path = memory;
			sourceTree = "<group>";
		};
		E59CAA1B2391F4CB0026AB54 /* chart */ = {
			isa = PBXGroup;
			children = (
				E59CAA172391E7F40026AB54 /* PercentageCircle.swift */,
				E59CAA192391E8F70026AB54 /* PercentageCircle.xib */,
			);
			path = chart;
			sourceTree = "<group>";
		};
		E5C7795C2381599800BFAF0F = {
			isa = PBXGroup;
			children = (
				E5E93E3D23932E0A000C66FB /* Assets.xcassets */,
				E5C779672381599800BFAF0F /* pi-manager-viewer */,
				E5C779662381599800BFAF0F /* Products */,
				28F5723F1062E2F091264600 /* Pods */,
				DC3E90501918B36D748C6C2C /* Frameworks */,
			);
			sourceTree = "<group>";
		};
		E5C779662381599800BFAF0F /* Products */ = {
			isa = PBXGroup;
			children = (
				E5C779652381599800BFAF0F /* pi-manager-viewer.app */,
			);
			name = Products;
			sourceTree = "<group>";
		};
		E5C779672381599800BFAF0F /* pi-manager-viewer */ = {
			isa = PBXGroup;
			children = (
				E5C779682381599800BFAF0F /* AppDelegate.swift */,
				E59CAA012391BA8C0026AB54 /* ui */,
				E5C7798F238200A100BFAF0F /* restclient */,
				E5E93E4223933B21000C66FB /* file-manager */,
				E59CAA0B2391C7460026AB54 /* cpu */,
				E59CAA102391D0620026AB54 /* memory */,
				E5C7798A2381FC9800BFAF0F /* temperature */,
				E5C7796C2381599800BFAF0F /* Main.storyboard */,
				E5C779712381599A00BFAF0F /* LaunchScreen.storyboard */,
				E5C779742381599A00BFAF0F /* Info.plist */,
			);
			path = "pi-manager-viewer";
			sourceTree = "<group>";
		};
		E5C7798A2381FC9800BFAF0F /* temperature */ = {
			isa = PBXGroup;
			children = (
				E5C779802381C80900BFAF0F /* TemperatureService.swift */,
				E5C779882381CAF000BFAF0F /* Temperature.swift */,
			);
			path = temperature;
			sourceTree = "<group>";
		};
		E5C7798F238200A100BFAF0F /* restclient */ = {
			isa = PBXGroup;
			children = (
				E5C77990238200C000BFAF0F /* GetPromise.swift */,
				E5C7798D2381FE6100BFAF0F /* ServerConstants.swift */,
			);
			path = restclient;
			sourceTree = "<group>";
		};
		E5E93E4223933B21000C66FB /* file-manager */ = {
			isa = PBXGroup;
			children = (
				E52E543C23931AA7003B3230 /* ui */,
				E5E93E4923933F4B000C66FB /* FileManagerService.swift */,
				E5E93E4323933BE4000C66FB /* FileDescribe.swift */,
				E5E93E4523933CF1000C66FB /* FileModel.swift */,
				E5E93E4723933CFB000C66FB /* FileType.swift */,
			);
			path = "file-manager";
			sourceTree = "<group>";
		};
/* End PBXGroup section */

/* Begin PBXNativeTarget section */
		E5C779642381599800BFAF0F /* pi-manager-viewer */ = {
			isa = PBXNativeTarget;
			buildConfigurationList = E5C779772381599A00BFAF0F /* Build configuration list for PBXNativeTarget "pi-manager-viewer" */;
			buildPhases = (
				07738161E222812196B9F8CA /* [CP] Check Pods Manifest.lock */,
				E5C779612381599800BFAF0F /* Sources */,
				E5C779622381599800BFAF0F /* Frameworks */,
				E5C779632381599800BFAF0F /* Resources */,
				16532691DFD8BD7F8035B0BC /* [CP] Embed Pods Frameworks */,
			);
			buildRules = (
			);
			dependencies = (
			);
			name = "pi-manager-viewer";
			productName = "pi-manager-viewer";
			productReference = E5C779652381599800BFAF0F /* pi-manager-viewer.app */;
			productType = "com.apple.product-type.application";
		};
/* End PBXNativeTarget section */

/* Begin PBXProject section */
		E5C7795D2381599800BFAF0F /* Project object */ = {
			isa = PBXProject;
			attributes = {
				LastSwiftUpdateCheck = 1030;
				LastUpgradeCheck = 1030;
				ORGANIZATIONNAME = "David Márquez Delgado";
				TargetAttributes = {
					E5C779642381599800BFAF0F = {
						CreatedOnToolsVersion = 10.3;
					};
				};
			};
			buildConfigurationList = E5C779602381599800BFAF0F /* Build configuration list for PBXProject "pi-manager-viewer" */;
			compatibilityVersion = "Xcode 9.3";
			developmentRegion = en;
			hasScannedForEncodings = 0;
			knownRegions = (
				en,
				Base,
			);
			mainGroup = E5C7795C2381599800BFAF0F;
			productRefGroup = E5C779662381599800BFAF0F /* Products */;
			projectDirPath = "";
			projectRoot = "";
			targets = (
				E5C779642381599800BFAF0F /* pi-manager-viewer */,
			);
		};
/* End PBXProject section */

/* Begin PBXResourcesBuildPhase section */
		E5C779632381599800BFAF0F /* Resources */ = {
			isa = PBXResourcesBuildPhase;
			buildActionMask = 2147483647;
			files = (
				E5C779732381599A00BFAF0F /* LaunchScreen.storyboard in Resources */,
				E59CAA1A2391E8F70026AB54 /* PercentageCircle.xib in Resources */,
				E52E543B2392F22B003B3230 /* FilesViewCellTableViewCell.xib in Resources */,
				E5C7796E2381599800BFAF0F /* Main.storyboard in Resources */,
				E5E93E3E23932E0A000C66FB /* Assets.xcassets in Resources */,
			);
			runOnlyForDeploymentPostprocessing = 0;
		};
/* End PBXResourcesBuildPhase section */

/* Begin PBXShellScriptBuildPhase section */
		07738161E222812196B9F8CA /* [CP] Check Pods Manifest.lock */ = {
			isa = PBXShellScriptBuildPhase;
			buildActionMask = 2147483647;
			files = (
			);
			inputFileListPaths = (
			);
			inputPaths = (
				"${PODS_PODFILE_DIR_PATH}/Podfile.lock",
				"${PODS_ROOT}/Manifest.lock",
			);
			name = "[CP] Check Pods Manifest.lock";
			outputFileListPaths = (
			);
			outputPaths = (
				"$(DERIVED_FILE_DIR)/Pods-pi-manager-viewer-checkManifestLockResult.txt",
			);
			runOnlyForDeploymentPostprocessing = 0;
			shellPath = /bin/sh;
			shellScript = "diff \"${PODS_PODFILE_DIR_PATH}/Podfile.lock\" \"${PODS_ROOT}/Manifest.lock\" > /dev/null\nif [ $? != 0 ] ; then\n    # print error to STDERR\n    echo \"error: The sandbox is not in sync with the Podfile.lock. Run 'pod install' or update your CocoaPods installation.\" >&2\n    exit 1\nfi\n# This output is used by Xcode 'outputs' to avoid re-running this script phase.\necho \"SUCCESS\" > \"${SCRIPT_OUTPUT_FILE_0}\"\n";
			showEnvVarsInLog = 0;
		};
		16532691DFD8BD7F8035B0BC /* [CP] Embed Pods Frameworks */ = {
			isa = PBXShellScriptBuildPhase;
			buildActionMask = 2147483647;
			files = (
			);
			inputFileListPaths = (
			);
			inputPaths = (
				"${SRCROOT}/Pods/Target Support Files/Pods-pi-manager-viewer/Pods-pi-manager-viewer-frameworks.sh",
				"${BUILT_PRODUCTS_DIR}/Alamofire/Alamofire.framework",
				"${BUILT_PRODUCTS_DIR}/PromiseKit/PromiseKit.framework",
				"${BUILT_PRODUCTS_DIR}/SwiftyJSON/SwiftyJSON.framework",
			);
			name = "[CP] Embed Pods Frameworks";
			outputFileListPaths = (
			);
			outputPaths = (
				"${TARGET_BUILD_DIR}/${FRAMEWORKS_FOLDER_PATH}/Alamofire.framework",
				"${TARGET_BUILD_DIR}/${FRAMEWORKS_FOLDER_PATH}/PromiseKit.framework",
				"${TARGET_BUILD_DIR}/${FRAMEWORKS_FOLDER_PATH}/SwiftyJSON.framework",
			);
			runOnlyForDeploymentPostprocessing = 0;
			shellPath = /bin/sh;
			shellScript = "\"${SRCROOT}/Pods/Target Support Files/Pods-pi-manager-viewer/Pods-pi-manager-viewer-frameworks.sh\"\n";
			showEnvVarsInLog = 0;
		};
/* End PBXShellScriptBuildPhase section */

/* Begin PBXSourcesBuildPhase section */
		E5C779612381599800BFAF0F /* Sources */ = {
			isa = PBXSourcesBuildPhase;
			buildActionMask = 2147483647;
			files = (
				E5C77991238200C000BFAF0F /* GetPromise.swift in Sources */,
				E5E93E4623933CF1000C66FB /* FileModel.swift in Sources */,
				E5E93E4423933BE4000C66FB /* FileDescribe.swift in Sources */,
				E59CAA0A2391C7400026AB54 /* CpuUsageService.swift in Sources */,
				E52E54372392E7FC003B3230 /* FilesViewController.swift in Sources */,
				E59CAA122391D07C0026AB54 /* MemoryUsage.swift in Sources */,
				E5C7798E2381FE6100BFAF0F /* ServerConstants.swift in Sources */,
				E52E543A2392F22A003B3230 /* FilesViewCellTableViewCell.swift in Sources */,
				E59CAA032391BAA50026AB54 /* UiConstants.swift in Sources */,
				E59CAA182391E7F40026AB54 /* PercentageCircle.swift in Sources */,
				E5C7796B2381599800BFAF0F /* MainController.swift in Sources */,
				E5C779692381599800BFAF0F /* AppDelegate.swift in Sources */,
				E5E93E4A23933F4B000C66FB /* FileManagerService.swift in Sources */,
				E5C779812381C80900BFAF0F /* TemperatureService.swift in Sources */,
				E59CAA082391C5060026AB54 /* UIViewExtension.swift in Sources */,
				E59CAA0D2391C7600026AB54 /* CpuUsage.swift in Sources */,
				E59CAA0F2391D05E0026AB54 /* MemoryUsageService.swift in Sources */,
				E5C779892381CAF000BFAF0F /* Temperature.swift in Sources */,
				E5E93E4823933CFB000C66FB /* FileType.swift in Sources */,
			);
			runOnlyForDeploymentPostprocessing = 0;
		};
/* End PBXSourcesBuildPhase section */

/* Begin PBXVariantGroup section */
		E5C7796C2381599800BFAF0F /* Main.storyboard */ = {
			isa = PBXVariantGroup;
			children = (
				E5C7796D2381599800BFAF0F /* Base */,
			);
			name = Main.storyboard;
			sourceTree = "<group>";
		};
		E5C779712381599A00BFAF0F /* LaunchScreen.storyboard */ = {
			isa = PBXVariantGroup;
			children = (
				E5C779722381599A00BFAF0F /* Base */,
			);
			name = LaunchScreen.storyboard;
			sourceTree = "<group>";
		};
/* End PBXVariantGroup section */

/* Begin XCBuildConfiguration section */
		E5C779752381599A00BFAF0F /* Debug */ = {
			isa = XCBuildConfiguration;
			buildSettings = {
				ALWAYS_SEARCH_USER_PATHS = NO;
				CLANG_ANALYZER_NONNULL = YES;
				CLANG_ANALYZER_NUMBER_OBJECT_CONVERSION = YES_AGGRESSIVE;
				CLANG_CXX_LANGUAGE_STANDARD = "gnu++14";
				CLANG_CXX_LIBRARY = "libc++";
				CLANG_ENABLE_MODULES = YES;
				CLANG_ENABLE_OBJC_ARC = YES;
				CLANG_ENABLE_OBJC_WEAK = YES;
				CLANG_WARN_BLOCK_CAPTURE_AUTORELEASING = YES;
				CLANG_WARN_BOOL_CONVERSION = YES;
				CLANG_WARN_COMMA = YES;
				CLANG_WARN_CONSTANT_CONVERSION = YES;
				CLANG_WARN_DEPRECATED_OBJC_IMPLEMENTATIONS = YES;
				CLANG_WARN_DIRECT_OBJC_ISA_USAGE = YES_ERROR;
				CLANG_WARN_DOCUMENTATION_COMMENTS = YES;
				CLANG_WARN_EMPTY_BODY = YES;
				CLANG_WARN_ENUM_CONVERSION = YES;
				CLANG_WARN_INFINITE_RECURSION = YES;
				CLANG_WARN_INT_CONVERSION = YES;
				CLANG_WARN_NON_LITERAL_NULL_CONVERSION = YES;
				CLANG_WARN_OBJC_IMPLICIT_RETAIN_SELF = YES;
				CLANG_WARN_OBJC_LITERAL_CONVERSION = YES;
				CLANG_WARN_OBJC_ROOT_CLASS = YES_ERROR;
				CLANG_WARN_RANGE_LOOP_ANALYSIS = YES;
				CLANG_WARN_STRICT_PROTOTYPES = YES;
				CLANG_WARN_SUSPICIOUS_MOVE = YES;
				CLANG_WARN_UNGUARDED_AVAILABILITY = YES_AGGRESSIVE;
				CLANG_WARN_UNREACHABLE_CODE = YES;
				CLANG_WARN__DUPLICATE_METHOD_MATCH = YES;
				CODE_SIGN_IDENTITY = "iPhone Developer";
				COPY_PHASE_STRIP = NO;
				DEBUG_INFORMATION_FORMAT = dwarf;
				ENABLE_STRICT_OBJC_MSGSEND = YES;
				ENABLE_TESTABILITY = YES;
				GCC_C_LANGUAGE_STANDARD = gnu11;
				GCC_DYNAMIC_NO_PIC = NO;
				GCC_NO_COMMON_BLOCKS = YES;
				GCC_OPTIMIZATION_LEVEL = 0;
				GCC_PREPROCESSOR_DEFINITIONS = (
					"DEBUG=1",
					"$(inherited)",
				);
				GCC_WARN_64_TO_32_BIT_CONVERSION = YES;
				GCC_WARN_ABOUT_RETURN_TYPE = YES_ERROR;
				GCC_WARN_UNDECLARED_SELECTOR = YES;
				GCC_WARN_UNINITIALIZED_AUTOS = YES_AGGRESSIVE;
				GCC_WARN_UNUSED_FUNCTION = YES;
				GCC_WARN_UNUSED_VARIABLE = YES;
				IPHONEOS_DEPLOYMENT_TARGET = 12.4;
				MTL_ENABLE_DEBUG_INFO = INCLUDE_SOURCE;
				MTL_FAST_MATH = YES;
				ONLY_ACTIVE_ARCH = YES;
				SDKROOT = iphoneos;
				SWIFT_ACTIVE_COMPILATION_CONDITIONS = DEBUG;
				SWIFT_OPTIMIZATION_LEVEL = "-Onone";
			};
			name = Debug;
		};
		E5C779762381599A00BFAF0F /* Release */ = {
			isa = XCBuildConfiguration;
			buildSettings = {
				ALWAYS_SEARCH_USER_PATHS = NO;
				CLANG_ANALYZER_NONNULL = YES;
				CLANG_ANALYZER_NUMBER_OBJECT_CONVERSION = YES_AGGRESSIVE;
				CLANG_CXX_LANGUAGE_STANDARD = "gnu++14";
				CLANG_CXX_LIBRARY = "libc++";
				CLANG_ENABLE_MODULES = YES;
				CLANG_ENABLE_OBJC_ARC = YES;
				CLANG_ENABLE_OBJC_WEAK = YES;
				CLANG_WARN_BLOCK_CAPTURE_AUTORELEASING = YES;
				CLANG_WARN_BOOL_CONVERSION = YES;
				CLANG_WARN_COMMA = YES;
				CLANG_WARN_CONSTANT_CONVERSION = YES;
				CLANG_WARN_DEPRECATED_OBJC_IMPLEMENTATIONS = YES;
				CLANG_WARN_DIRECT_OBJC_ISA_USAGE = YES_ERROR;
				CLANG_WARN_DOCUMENTATION_COMMENTS = YES;
				CLANG_WARN_EMPTY_BODY = YES;
				CLANG_WARN_ENUM_CONVERSION = YES;
				CLANG_WARN_INFINITE_RECURSION = YES;
				CLANG_WARN_INT_CONVERSION = YES;
				CLANG_WARN_NON_LITERAL_NULL_CONVERSION = YES;
				CLANG_WARN_OBJC_IMPLICIT_RETAIN_SELF = YES;
				CLANG_WARN_OBJC_LITERAL_CONVERSION = YES;
				CLANG_WARN_OBJC_ROOT_CLASS = YES_ERROR;
				CLANG_WARN_RANGE_LOOP_ANALYSIS = YES;
				CLANG_WARN_STRICT_PROTOTYPES = YES;
				CLANG_WARN_SUSPICIOUS_MOVE = YES;
				CLANG_WARN_UNGUARDED_AVAILABILITY = YES_AGGRESSIVE;
				CLANG_WARN_UNREACHABLE_CODE = YES;
				CLANG_WARN__DUPLICATE_METHOD_MATCH = YES;
				CODE_SIGN_IDENTITY = "iPhone Developer";
				COPY_PHASE_STRIP = NO;
				DEBUG_INFORMATION_FORMAT = "dwarf-with-dsym";
				ENABLE_NS_ASSERTIONS = NO;
				ENABLE_STRICT_OBJC_MSGSEND = YES;
				GCC_C_LANGUAGE_STANDARD = gnu11;
				GCC_NO_COMMON_BLOCKS = YES;
				GCC_WARN_64_TO_32_BIT_CONVERSION = YES;
				GCC_WARN_ABOUT_RETURN_TYPE = YES_ERROR;
				GCC_WARN_UNDECLARED_SELECTOR = YES;
				GCC_WARN_UNINITIALIZED_AUTOS = YES_AGGRESSIVE;
				GCC_WARN_UNUSED_FUNCTION = YES;
				GCC_WARN_UNUSED_VARIABLE = YES;
				IPHONEOS_DEPLOYMENT_TARGET = 12.4;
				MTL_ENABLE_DEBUG_INFO = NO;
				MTL_FAST_MATH = YES;
				SDKROOT = iphoneos;
				SWIFT_COMPILATION_MODE = wholemodule;
				SWIFT_OPTIMIZATION_LEVEL = "-O";
				VALIDATE_PRODUCT = YES;
			};
			name = Release;
		};
		E5C779782381599A00BFAF0F /* Debug */ = {
			isa = XCBuildConfiguration;
			baseConfigurationReference = 2301764C5EEABB859E4774FF /* Pods-pi-manager-viewer.debug.xcconfig */;
			buildSettings = {
				ASSETCATALOG_COMPILER_APPICON_NAME = AppIcon;
				CODE_SIGN_STYLE = Automatic;
				DEVELOPMENT_TEAM = 59SH2VU4Z2;
				INFOPLIST_FILE = "pi-manager-viewer/Info.plist";
				LD_RUNPATH_SEARCH_PATHS = (
					"$(inherited)",
					"@executable_path/Frameworks",
				);
				PRODUCT_BUNDLE_IDENTIFIER = "com.maarkeez.pi-manager-viewer";
				PRODUCT_NAME = "$(TARGET_NAME)";
				SWIFT_VERSION = 5.0;
				TARGETED_DEVICE_FAMILY = 1;
			};
			name = Debug;
		};
		E5C779792381599A00BFAF0F /* Release */ = {
			isa = XCBuildConfiguration;
			baseConfigurationReference = D2FAC50E4F4E9B545333FA0F /* Pods-pi-manager-viewer.release.xcconfig */;
			buildSettings = {
				ASSETCATALOG_COMPILER_APPICON_NAME = AppIcon;
				CODE_SIGN_STYLE = Automatic;
				DEVELOPMENT_TEAM = 59SH2VU4Z2;
				INFOPLIST_FILE = "pi-manager-viewer/Info.plist";
				LD_RUNPATH_SEARCH_PATHS = (
					"$(inherited)",
					"@executable_path/Frameworks",
				);
				PRODUCT_BUNDLE_IDENTIFIER = "com.maarkeez.pi-manager-viewer";
				PRODUCT_NAME = "$(TARGET_NAME)";
				SWIFT_VERSION = 5.0;
				TARGETED_DEVICE_FAMILY = 1;
			};
			name = Release;
		};
/* End XCBuildConfiguration section */

/* Begin XCConfigurationList section */
		E5C779602381599800BFAF0F /* Build configuration list for PBXProject "pi-manager-viewer" */ = {
			isa = XCConfigurationList;
			buildConfigurations = (
				E5C779752381599A00BFAF0F /* Debug */,
				E5C779762381599A00BFAF0F /* Release */,
			);
			defaultConfigurationIsVisible = 0;
			defaultConfigurationName = Release;
		};
		E5C779772381599A00BFAF0F /* Build configuration list for PBXNativeTarget "pi-manager-viewer" */ = {
			isa = XCConfigurationList;
			buildConfigurations = (
				E5C779782381599A00BFAF0F /* Debug */,
				E5C779792381599A00BFAF0F /* Release */,
			);
			defaultConfigurationIsVisible = 0;
			defaultConfigurationName = Release;
		};
/* End XCConfigurationList section */
	};
	rootObject = E5C7795D2381599800BFAF0F /* Project object */;
}
